
Microsoft Visual Studio Solution File, Format Version 12.00
# Visual Studio Version 17
VisualStudioVersion = 17.2.32630.192
MinimumVisualStudioVersion = 10.0.40219.1
Project("{FAE04EC0-301F-11D3-BF4B-00C04F79EFBC}") = "WineSV", "WineSV\WineSV.csproj", "{6240DECA-E923-456D-8419-8A859877B356}"
EndProject
Global
	GlobalSection(SolutionConfigurationPlatforms) = preSolution
		Debug|Any CPU = Debug|Any CPU
		Release|Any CPU = Release|Any CPU
	EndGlobalSection
	GlobalSection(ProjectConfigurationPlatforms) = postSolution
		{6240DECA-E923-456D-8419-8A859877B356}.Debug|Any CPU.ActiveCfg = Debug|Any CPU
		{6240DECA-E923-456D-8419-8A859877B356}.Debug|Any CPU.Build.0 = Debug|Any CPU
		{6240DECA-E923-456D-8419-8A859877B356}.Release|Any CPU.ActiveCfg = Release|Any CPU
		{6240DECA-E923-456D-8419-8A859877B356}.Release|Any CPU.Build.0 = Release|Any CPU
	EndGlobalSection
	GlobalSection(SolutionProperties) = preSolution
		HideSolutionNode = FALSE
	EndGlobalSection
	GlobalSection(ExtensibilityGlobals) = postSolution
		SolutionGuid = {36B24438-BEF7-4305-8344-2A5E03D6749B}
	EndGlobalSection
EndGlobal
